// !$*UTF8*$!
{
	archiveVersion = 1;
	classes = {
	};
	objectVersion = 55;
	objects = {

/* Begin PBXBuildFile section */
		376551D0279CF0F1004577E3 /* NoSpoilerHelperApp.swift in Sources */ = {isa = PBXBuildFile; fileRef = 376551CF279CF0F1004577E3 /* NoSpoilerHelperApp.swift */; };
		376551D2279CF0F1004577E3 /* ContentView.swift in Sources */ = {isa = PBXBuildFile; fileRef = 376551D1279CF0F1004577E3 /* ContentView.swift */; };
		376551D4279CF0F1004577E3 /* Assets.xcassets in Resources */ = {isa = PBXBuildFile; fileRef = 376551D3279CF0F1004577E3 /* Assets.xcassets */; };
		376551D7279CF0F1004577E3 /* Preview Assets.xcassets in Resources */ = {isa = PBXBuildFile; fileRef = 376551D6279CF0F1004577E3 /* Preview Assets.xcassets */; };
		376551D9279CF0F1004577E3 /* Persistence.swift in Sources */ = {isa = PBXBuildFile; fileRef = 376551D8279CF0F1004577E3 /* Persistence.swift */; };
		376551DC279CF0F1004577E3 /* NoSpoilerHelper.xcdatamodeld in Sources */ = {isa = PBXBuildFile; fileRef = 376551DA279CF0F1004577E3 /* NoSpoilerHelper.xcdatamodeld */; };
		376551E9279CF14F004577E3 /* SafariWebExtensionHandler.swift in Sources */ = {isa = PBXBuildFile; fileRef = 376551E8279CF14F004577E3 /* SafariWebExtensionHandler.swift */; };
		376551EC279CF14F004577E3 /* _locales in Resources */ = {isa = PBXBuildFile; fileRef = 376551EB279CF14F004577E3 /* _locales */; };
		376551EE279CF14F004577E3 /* images in Resources */ = {isa = PBXBuildFile; fileRef = 376551ED279CF14F004577E3 /* images */; };
		376551F0279CF14F004577E3 /* manifest.json in Resources */ = {isa = PBXBuildFile; fileRef = 376551EF279CF14F004577E3 /* manifest.json */; };
		376551F2279CF14F004577E3 /* background.js in Resources */ = {isa = PBXBuildFile; fileRef = 376551F1279CF14F004577E3 /* background.js */; };
		376551F4279CF14F004577E3 /* content.js in Resources */ = {isa = PBXBuildFile; fileRef = 376551F3279CF14F004577E3 /* content.js */; };
		376551F6279CF14F004577E3 /* popup.html in Resources */ = {isa = PBXBuildFile; fileRef = 376551F5279CF14F004577E3 /* popup.html */; };
		376551F8279CF14F004577E3 /* popup.css in Resources */ = {isa = PBXBuildFile; fileRef = 376551F7279CF14F004577E3 /* popup.css */; };
		376551FA279CF14F004577E3 /* popup.js in Resources */ = {isa = PBXBuildFile; fileRef = 376551F9279CF14F004577E3 /* popup.js */; };
		376551FE279CF14F004577E3 /* SafariExtension.appex in Embed App Extensions */ = {isa = PBXBuildFile; fileRef = 376551E6279CF14F004577E3 /* SafariExtension.appex */; settings = {ATTRIBUTES = (RemoveHeadersOnCopy, ); }; };
		37655204279CF252004577E3 /* Item+Extension.swift in Sources */ = {isa = PBXBuildFile; fileRef = 37655203279CF252004577E3 /* Item+Extension.swift */; };
		37655205279CF7A8004577E3 /* NoSpoilerHelper.xcdatamodeld in Sources */ = {isa = PBXBuildFile; fileRef = 376551DA279CF0F1004577E3 /* NoSpoilerHelper.xcdatamodeld */; };
		3765520927A6972B004577E3 /* AddWordView.swift in Sources */ = {isa = PBXBuildFile; fileRef = 3765520827A6972B004577E3 /* AddWordView.swift */; };
/* End PBXBuildFile section */

/* Begin PBXContainerItemProxy section */
		376551FC279CF14F004577E3 /* PBXContainerItemProxy */ = {
			isa = PBXContainerItemProxy;
			containerPortal = 376551C4279CF0F1004577E3 /* Project object */;
			proxyType = 1;
			remoteGlobalIDString = 376551E5279CF14F004577E3;
			remoteInfo = SafariExtension;
		};
/* End PBXContainerItemProxy section */

/* Begin PBXCopyFilesBuildPhase section */
		37655202279CF14F004577E3 /* Embed App Extensions */ = {
			isa = PBXCopyFilesBuildPhase;
			buildActionMask = 2147483647;
			dstPath = "";
			dstSubfolderSpec = 13;
			files = (
				376551FE279CF14F004577E3 /* SafariExtension.appex in Embed App Extensions */,
			);
			name = "Embed App Extensions";
			runOnlyForDeploymentPostprocessing = 0;
		};
/* End PBXCopyFilesBuildPhase section */

/* Begin PBXFileReference section */
		376551CC279CF0F1004577E3 /* NoSpoilerHelper.app */ = {isa = PBXFileReference; explicitFileType = wrapper.application; includeInIndex = 0; path = NoSpoilerHelper.app; sourceTree = BUILT_PRODUCTS_DIR; };
		376551CF279CF0F1004577E3 /* NoSpoilerHelperApp.swift */ = {isa = PBXFileReference; lastKnownFileType = sourcecode.swift; path = NoSpoilerHelperApp.swift; sourceTree = "<group>"; };
		376551D1279CF0F1004577E3 /* ContentView.swift */ = {isa = PBXFileReference; lastKnownFileType = sourcecode.swift; path = ContentView.swift; sourceTree = "<group>"; };
		376551D3279CF0F1004577E3 /* Assets.xcassets */ = {isa = PBXFileReference; lastKnownFileType = folder.assetcatalog; path = Assets.xcassets; sourceTree = "<group>"; };
		376551D6279CF0F1004577E3 /* Preview Assets.xcassets */ = {isa = PBXFileReference; lastKnownFileType = folder.assetcatalog; path = "Preview Assets.xcassets"; sourceTree = "<group>"; };
		376551D8279CF0F1004577E3 /* Persistence.swift */ = {isa = PBXFileReference; lastKnownFileType = sourcecode.swift; path = Persistence.swift; sourceTree = "<group>"; };
		376551DB279CF0F1004577E3 /* NoSpoilerHelper.xcdatamodel */ = {isa = PBXFileReference; lastKnownFileType = wrapper.xcdatamodel; path = NoSpoilerHelper.xcdatamodel; sourceTree = "<group>"; };
		376551E6279CF14F004577E3 /* SafariExtension.appex */ = {isa = PBXFileReference; explicitFileType = "wrapper.app-extension"; includeInIndex = 0; path = SafariExtension.appex; sourceTree = BUILT_PRODUCTS_DIR; };
		376551E8279CF14F004577E3 /* SafariWebExtensionHandler.swift */ = {isa = PBXFileReference; lastKnownFileType = sourcecode.swift; path = SafariWebExtensionHandler.swift; sourceTree = "<group>"; };
		376551EB279CF14F004577E3 /* _locales */ = {isa = PBXFileReference; lastKnownFileType = folder; path = _locales; sourceTree = "<group>"; };
		376551ED279CF14F004577E3 /* images */ = {isa = PBXFileReference; lastKnownFileType = folder; path = images; sourceTree = "<group>"; };
		376551EF279CF14F004577E3 /* manifest.json */ = {isa = PBXFileReference; lastKnownFileType = text.json; path = manifest.json; sourceTree = "<group>"; };
		376551F1279CF14F004577E3 /* background.js */ = {isa = PBXFileReference; lastKnownFileType = sourcecode.javascript; path = background.js; sourceTree = "<group>"; };
		376551F3279CF14F004577E3 /* content.js */ = {isa = PBXFileReference; lastKnownFileType = sourcecode.javascript; path = content.js; sourceTree = "<group>"; };
		376551F5279CF14F004577E3 /* popup.html */ = {isa = PBXFileReference; lastKnownFileType = text.html; path = popup.html; sourceTree = "<group>"; };
		376551F7279CF14F004577E3 /* popup.css */ = {isa = PBXFileReference; lastKnownFileType = text.css; path = popup.css; sourceTree = "<group>"; };
		376551F9279CF14F004577E3 /* popup.js */ = {isa = PBXFileReference; lastKnownFileType = sourcecode.javascript; path = popup.js; sourceTree = "<group>"; };
		376551FB279CF14F004577E3 /* Info.plist */ = {isa = PBXFileReference; lastKnownFileType = text.plist.xml; path = Info.plist; sourceTree = "<group>"; };
		37655203279CF252004577E3 /* Item+Extension.swift */ = {isa = PBXFileReference; lastKnownFileType = sourcecode.swift; path = "Item+Extension.swift"; sourceTree = "<group>"; };
		3765520627A57D33004577E3 /* NoSpoilerHelper.entitlements */ = {isa = PBXFileReference; lastKnownFileType = text.plist.entitlements; path = NoSpoilerHelper.entitlements; sourceTree = "<group>"; };
		3765520727A57D3D004577E3 /* SafariExtension.entitlements */ = {isa = PBXFileReference; lastKnownFileType = text.plist.entitlements; path = SafariExtension.entitlements; sourceTree = "<group>"; };
		3765520827A6972B004577E3 /* AddWordView.swift */ = {isa = PBXFileReference; lastKnownFileType = sourcecode.swift; path = AddWordView.swift; sourceTree = "<group>"; };
/* End PBXFileReference section */

/* Begin PBXFrameworksBuildPhase section */
		376551C9279CF0F1004577E3 /* Frameworks */ = {
			isa = PBXFrameworksBuildPhase;
			buildActionMask = 2147483647;
			files = (
			);
			runOnlyForDeploymentPostprocessing = 0;
		};
		376551E3279CF14F004577E3 /* Frameworks */ = {
			isa = PBXFrameworksBuildPhase;
			buildActionMask = 2147483647;
			files = (
			);
			runOnlyForDeploymentPostprocessing = 0;
		};
/* End PBXFrameworksBuildPhase section */

/* Begin PBXGroup section */
		376551C3279CF0F1004577E3 = {
			isa = PBXGroup;
			children = (
				376551CE279CF0F1004577E3 /* NoSpoilerHelper */,
				376551E7279CF14F004577E3 /* SafariExtension */,
				376551CD279CF0F1004577E3 /* Products */,
			);
			sourceTree = "<group>";
		};
		376551CD279CF0F1004577E3 /* Products */ = {
			isa = PBXGroup;
			children = (
				376551CC279CF0F1004577E3 /* NoSpoilerHelper.app */,
				376551E6279CF14F004577E3 /* SafariExtension.appex */,
			);
			name = Products;
			sourceTree = "<group>";
		};
		376551CE279CF0F1004577E3 /* NoSpoilerHelper */ = {
			isa = PBXGroup;
			children = (
				3765520627A57D33004577E3 /* NoSpoilerHelper.entitlements */,
				376551CF279CF0F1004577E3 /* NoSpoilerHelperApp.swift */,
				376551D1279CF0F1004577E3 /* ContentView.swift */,
				3765520827A6972B004577E3 /* AddWordView.swift */,
				376551D3279CF0F1004577E3 /* Assets.xcassets */,
				376551D8279CF0F1004577E3 /* Persistence.swift */,
				376551DA279CF0F1004577E3 /* NoSpoilerHelper.xcdatamodeld */,
				376551D5279CF0F1004577E3 /* Preview Content */,
				37655203279CF252004577E3 /* Item+Extension.swift */,
			);
			path = NoSpoilerHelper;
			sourceTree = "<group>";
		};
		376551D5279CF0F1004577E3 /* Preview Content */ = {
			isa = PBXGroup;
			children = (
				376551D6279CF0F1004577E3 /* Preview Assets.xcassets */,
			);
			path = "Preview Content";
			sourceTree = "<group>";
		};
		376551E7279CF14F004577E3 /* SafariExtension */ = {
			isa = PBXGroup;
			children = (
				3765520727A57D3D004577E3 /* SafariExtension.entitlements */,
				376551E8279CF14F004577E3 /* SafariWebExtensionHandler.swift */,
				376551FB279CF14F004577E3 /* Info.plist */,
				376551EA279CF14F004577E3 /* Resources */,
			);
			path = SafariExtension;
			sourceTree = "<group>";
		};
		376551EA279CF14F004577E3 /* Resources */ = {
			isa = PBXGroup;
			children = (
				376551EB279CF14F004577E3 /* _locales */,
				376551ED279CF14F004577E3 /* images */,
				376551EF279CF14F004577E3 /* manifest.json */,
				376551F1279CF14F004577E3 /* background.js */,
				376551F3279CF14F004577E3 /* content.js */,
				376551F5279CF14F004577E3 /* popup.html */,
				376551F7279CF14F004577E3 /* popup.css */,
				376551F9279CF14F004577E3 /* popup.js */,
			);
			path = Resources;
			sourceTree = "<group>";
		};
/* End PBXGroup section */

/* Begin PBXNativeTarget section */
		376551CB279CF0F1004577E3 /* NoSpoilerHelper */ = {
			isa = PBXNativeTarget;
			buildConfigurationList = 376551DF279CF0F1004577E3 /* Build configuration list for PBXNativeTarget "NoSpoilerHelper" */;
			buildPhases = (
				376551C8279CF0F1004577E3 /* Sources */,
				376551C9279CF0F1004577E3 /* Frameworks */,
				376551CA279CF0F1004577E3 /* Resources */,
				37655202279CF14F004577E3 /* Embed App Extensions */,
			);
			buildRules = (
			);
			dependencies = (
				376551FD279CF14F004577E3 /* PBXTargetDependency */,
			);
			name = NoSpoilerHelper;
			productName = NoSpoilerHelper;
			productReference = 376551CC279CF0F1004577E3 /* NoSpoilerHelper.app */;
			productType = "com.apple.product-type.application";
		};
		376551E5279CF14F004577E3 /* SafariExtension */ = {
			isa = PBXNativeTarget;
			buildConfigurationList = 376551FF279CF14F004577E3 /* Build configuration list for PBXNativeTarget "SafariExtension" */;
			buildPhases = (
				376551E2279CF14F004577E3 /* Sources */,
				376551E3279CF14F004577E3 /* Frameworks */,
				376551E4279CF14F004577E3 /* Resources */,
			);
			buildRules = (
			);
			dependencies = (
			);
			name = SafariExtension;
			productName = SafariExtension;
			productReference = 376551E6279CF14F004577E3 /* SafariExtension.appex */;
			productType = "com.apple.product-type.app-extension";
		};
/* End PBXNativeTarget section */

/* Begin PBXProject section */
		376551C4279CF0F1004577E3 /* Project object */ = {
			isa = PBXProject;
			attributes = {
				BuildIndependentTargetsInParallel = 1;
				LastSwiftUpdateCheck = 1320;
				LastUpgradeCheck = 1320;
				TargetAttributes = {
					376551CB279CF0F1004577E3 = {
						CreatedOnToolsVersion = 13.2.1;
					};
					376551E5279CF14F004577E3 = {
						CreatedOnToolsVersion = 13.2.1;
					};
				};
			};
			buildConfigurationList = 376551C7279CF0F1004577E3 /* Build configuration list for PBXProject "NoSpoilerHelper" */;
			compatibilityVersion = "Xcode 13.0";
			developmentRegion = en;
			hasScannedForEncodings = 0;
			knownRegions = (
				en,
				Base,
			);
			mainGroup = 376551C3279CF0F1004577E3;
			productRefGroup = 376551CD279CF0F1004577E3 /* Products */;
			projectDirPath = "";
			projectRoot = "";
			targets = (
				376551CB279CF0F1004577E3 /* NoSpoilerHelper */,
				376551E5279CF14F004577E3 /* SafariExtension */,
			);
		};
/* End PBXProject section */

/* Begin PBXResourcesBuildPhase section */
		376551CA279CF0F1004577E3 /* Resources */ = {
			isa = PBXResourcesBuildPhase;
			buildActionMask = 2147483647;
			files = (
				376551D7279CF0F1004577E3 /* Preview Assets.xcassets in Resources */,
				376551D4279CF0F1004577E3 /* Assets.xcassets in Resources */,
			);
			runOnlyForDeploymentPostprocessing = 0;
		};
		376551E4279CF14F004577E3 /* Resources */ = {
			isa = PBXResourcesBuildPhase;
			buildActionMask = 2147483647;
			files = (
				376551F2279CF14F004577E3 /* background.js in Resources */,
				376551F8279CF14F004577E3 /* popup.css in Resources */,
				376551F6279CF14F004577E3 /* popup.html in Resources */,
				376551EE279CF14F004577E3 /* images in Resources */,
				376551F0279CF14F004577E3 /* manifest.json in Resources */,
				376551EC279CF14F004577E3 /* _locales in Resources */,
				376551F4279CF14F004577E3 /* content.js in Resources */,
				376551FA279CF14F004577E3 /* popup.js in Resources */,
			);
			runOnlyForDeploymentPostprocessing = 0;
		};
/* End PBXResourcesBuildPhase section */

/* Begin PBXSourcesBuildPhase section */
		376551C8279CF0F1004577E3 /* Sources */ = {
			isa = PBXSourcesBuildPhase;
			buildActionMask = 2147483647;
			files = (
				3765520927A6972B004577E3 /* AddWordView.swift in Sources */,
				37655204279CF252004577E3 /* Item+Extension.swift in Sources */,
				376551D9279CF0F1004577E3 /* Persistence.swift in Sources */,
				376551D2279CF0F1004577E3 /* ContentView.swift in Sources */,
				376551D0279CF0F1004577E3 /* NoSpoilerHelperApp.swift in Sources */,
				376551DC279CF0F1004577E3 /* NoSpoilerHelper.xcdatamodeld in Sources */,
			);
			runOnlyForDeploymentPostprocessing = 0;
		};
		376551E2279CF14F004577E3 /* Sources */ = {
			isa = PBXSourcesBuildPhase;
			buildActionMask = 2147483647;
			files = (
				376551E9279CF14F004577E3 /* SafariWebExtensionHandler.swift in Sources */,
				37655205279CF7A8004577E3 /* NoSpoilerHelper.xcdatamodeld in Sources */,
			);
			runOnlyForDeploymentPostprocessing = 0;
		};
/* End PBXSourcesBuildPhase section */

/* Begin PBXTargetDependency section */
		376551FD279CF14F004577E3 /* PBXTargetDependency */ = {
			isa = PBXTargetDependency;
			target = 376551E5279CF14F004577E3 /* SafariExtension */;
			targetProxy = 376551FC279CF14F004577E3 /* PBXContainerItemProxy */;
		};
/* End PBXTargetDependency section */

/* Begin XCBuildConfiguration section */
		376551DD279CF0F1004577E3 /* Debug */ = {
			isa = XCBuildConfiguration;
			buildSettings = {
				ALWAYS_SEARCH_USER_PATHS = NO;
				CLANG_ANALYZER_NONNULL = YES;
				CLANG_ANALYZER_NUMBER_OBJECT_CONVERSION = YES_AGGRESSIVE;
				CLANG_CXX_LANGUAGE_STANDARD = "gnu++17";
				CLANG_CXX_LIBRARY = "libc++";
				CLANG_ENABLE_MODULES = YES;
				CLANG_ENABLE_OBJC_ARC = YES;
				CLANG_ENABLE_OBJC_WEAK = YES;
				CLANG_WARN_BLOCK_CAPTURE_AUTORELEASING = YES;
				CLANG_WARN_BOOL_CONVERSION = YES;
				CLANG_WARN_COMMA = YES;
				CLANG_WARN_CONSTANT_CONVERSION = YES;
				CLANG_WARN_DEPRECATED_OBJC_IMPLEMENTATIONS = YES;
				CLANG_WARN_DIRECT_OBJC_ISA_USAGE = YES_ERROR;
				CLANG_WARN_DOCUMENTATION_COMMENTS = YES;
				CLANG_WARN_EMPTY_BODY = YES;
				CLANG_WARN_ENUM_CONVERSION = YES;
				CLANG_WARN_INFINITE_RECURSION = YES;
				CLANG_WARN_INT_CONVERSION = YES;
				CLANG_WARN_NON_LITERAL_NULL_CONVERSION = YES;
				CLANG_WARN_OBJC_IMPLICIT_RETAIN_SELF = YES;
				CLANG_WARN_OBJC_LITERAL_CONVERSION = YES;
				CLANG_WARN_OBJC_ROOT_CLASS = YES_ERROR;
				CLANG_WARN_QUOTED_INCLUDE_IN_FRAMEWORK_HEADER = YES;
				CLANG_WARN_RANGE_LOOP_ANALYSIS = YES;
				CLANG_WARN_STRICT_PROTOTYPES = YES;
				CLANG_WARN_SUSPICIOUS_MOVE = YES;
				CLANG_WARN_UNGUARDED_AVAILABILITY = YES_AGGRESSIVE;
				CLANG_WARN_UNREACHABLE_CODE = YES;
				CLANG_WARN__DUPLICATE_METHOD_MATCH = YES;
				COPY_PHASE_STRIP = NO;
				DEBUG_INFORMATION_FORMAT = dwarf;
				ENABLE_STRICT_OBJC_MSGSEND = YES;
				ENABLE_TESTABILITY = YES;
				GCC_C_LANGUAGE_STANDARD = gnu11;
				GCC_DYNAMIC_NO_PIC = NO;
				GCC_NO_COMMON_BLOCKS = YES;
				GCC_OPTIMIZATION_LEVEL = 0;
				GCC_PREPROCESSOR_DEFINITIONS = (
					"DEBUG=1",
					"$(inherited)",
				);
				GCC_WARN_64_TO_32_BIT_CONVERSION = YES;
				GCC_WARN_ABOUT_RETURN_TYPE = YES_ERROR;
				GCC_WARN_UNDECLARED_SELECTOR = YES;
				GCC_WARN_UNINITIALIZED_AUTOS = YES_AGGRESSIVE;
				GCC_WARN_UNUSED_FUNCTION = YES;
				GCC_WARN_UNUSED_VARIABLE = YES;
				IPHONEOS_DEPLOYMENT_TARGET = 15.2;
				MTL_ENABLE_DEBUG_INFO = INCLUDE_SOURCE;
				MTL_FAST_MATH = YES;
				ONLY_ACTIVE_ARCH = YES;
				SDKROOT = iphoneos;
				SWIFT_ACTIVE_COMPILATION_CONDITIONS = DEBUG;
				SWIFT_OPTIMIZATION_LEVEL = "-Onone";
			};
			name = Debug;
		};
		376551DE279CF0F1004577E3 /* Release */ = {
			isa = XCBuildConfiguration;
			buildSettings = {
				ALWAYS_SEARCH_USER_PATHS = NO;
				CLANG_ANALYZER_NONNULL = YES;
				CLANG_ANALYZER_NUMBER_OBJECT_CONVERSION = YES_AGGRESSIVE;
				CLANG_CXX_LANGUAGE_STANDARD = "gnu++17";
				CLANG_CXX_LIBRARY = "libc++";
				CLANG_ENABLE_MODULES = YES;
				CLANG_ENABLE_OBJC_ARC = YES;
				CLANG_ENABLE_OBJC_WEAK = YES;
				CLANG_WARN_BLOCK_CAPTURE_AUTORELEASING = YES;
				CLANG_WARN_BOOL_CONVERSION = YES;
				CLANG_WARN_COMMA = YES;
				CLANG_WARN_CONSTANT_CONVERSION = YES;
				CLANG_WARN_DEPRECATED_OBJC_IMPLEMENTATIONS = YES;
				CLANG_WARN_DIRECT_OBJC_ISA_USAGE = YES_ERROR;
				CLANG_WARN_DOCUMENTATION_COMMENTS = YES;
				CLANG_WARN_EMPTY_BODY = YES;
				CLANG_WARN_ENUM_CONVERSION = YES;
				CLANG_WARN_INFINITE_RECURSION = YES;
				CLANG_WARN_INT_CONVERSION = YES;
				CLANG_WARN_NON_LITERAL_NULL_CONVERSION = YES;
				CLANG_WARN_OBJC_IMPLICIT_RETAIN_SELF = YES;
				CLANG_WARN_OBJC_LITERAL_CONVERSION = YES;
				CLANG_WARN_OBJC_ROOT_CLASS = YES_ERROR;
				CLANG_WARN_QUOTED_INCLUDE_IN_FRAMEWORK_HEADER = YES;
				CLANG_WARN_RANGE_LOOP_ANALYSIS = YES;
				CLANG_WARN_STRICT_PROTOTYPES = YES;
				CLANG_WARN_SUSPICIOUS_MOVE = YES;
				CLANG_WARN_UNGUARDED_AVAILABILITY = YES_AGGRESSIVE;
				CLANG_WARN_UNREACHABLE_CODE = YES;
				CLANG_WARN__DUPLICATE_METHOD_MATCH = YES;
				COPY_PHASE_STRIP = NO;
				DEBUG_INFORMATION_FORMAT = "dwarf-with-dsym";
				ENABLE_NS_ASSERTIONS = NO;
				ENABLE_STRICT_OBJC_MSGSEND = YES;
				GCC_C_LANGUAGE_STANDARD = gnu11;
				GCC_NO_COMMON_BLOCKS = YES;
				GCC_WARN_64_TO_32_BIT_CONVERSION = YES;
				GCC_WARN_ABOUT_RETURN_TYPE = YES_ERROR;
				GCC_WARN_UNDECLARED_SELECTOR = YES;
				GCC_WARN_UNINITIALIZED_AUTOS = YES_AGGRESSIVE;
				GCC_WARN_UNUSED_FUNCTION = YES;
				GCC_WARN_UNUSED_VARIABLE = YES;
				IPHONEOS_DEPLOYMENT_TARGET = 15.2;
				MTL_ENABLE_DEBUG_INFO = NO;
				MTL_FAST_MATH = YES;
				SDKROOT = iphoneos;
				SWIFT_COMPILATION_MODE = wholemodule;
				SWIFT_OPTIMIZATION_LEVEL = "-O";
				VALIDATE_PRODUCT = YES;
			};
			name = Release;
		};
		376551E0279CF0F1004577E3 /* Debug */ = {
			isa = XCBuildConfiguration;
			buildSettings = {
				ALWAYS_EMBED_SWIFT_STANDARD_LIBRARIES = YES;
				ASSETCATALOG_COMPILER_APPICON_NAME = AppIcon;
				ASSETCATALOG_COMPILER_GLOBAL_ACCENT_COLOR_NAME = AccentColor;
				CODE_SIGN_ENTITLEMENTS = NoSpoilerHelper/NoSpoilerHelper.entitlements;
				CODE_SIGN_STYLE = Automatic;
				CURRENT_PROJECT_VERSION = 1;
				DEVELOPMENT_ASSET_PATHS = "\"NoSpoilerHelper/Preview Content\"";
				DEVELOPMENT_TEAM = JACB4GSV36;
				ENABLE_PREVIEWS = YES;
				GENERATE_INFOPLIST_FILE = YES;
				INFOPLIST_KEY_UIApplicationSceneManifest_Generation = YES;
				INFOPLIST_KEY_UIApplicationSupportsIndirectInputEvents = YES;
				INFOPLIST_KEY_UILaunchScreen_Generation = YES;
				INFOPLIST_KEY_UISupportedInterfaceOrientations_iPad = "UIInterfaceOrientationPortrait UIInterfaceOrientationPortraitUpsideDown UIInterfaceOrientationLandscapeLeft UIInterfaceOrientationLandscapeRight";
				INFOPLIST_KEY_UISupportedInterfaceOrientations_iPhone = "UIInterfaceOrientationPortrait UIInterfaceOrientationLandscapeLeft UIInterfaceOrientationLandscapeRight";
				LD_RUNPATH_SEARCH_PATHS = (
					"$(inherited)",
					"@executable_path/Frameworks",
				);
				MARKETING_VERSION = 1.0;
				PRODUCT_BUNDLE_IDENTIFIER = com.matsue.NoSpoilerHelper;
				PRODUCT_NAME = "$(TARGET_NAME)";
				SWIFT_EMIT_LOC_STRINGS = YES;
				SWIFT_VERSION = 5.0;
				TARGETED_DEVICE_FAMILY = "1,2";
			};
			name = Debug;
		};
		376551E1279CF0F1004577E3 /* Release */ = {
			isa = XCBuildConfiguration;
			buildSettings = {
				ALWAYS_EMBED_SWIFT_STANDARD_LIBRARIES = YES;
				ASSETCATALOG_COMPILER_APPICON_NAME = AppIcon;
				ASSETCATALOG_COMPILER_GLOBAL_ACCENT_COLOR_NAME = AccentColor;
				CODE_SIGN_ENTITLEMENTS = NoSpoilerHelper/NoSpoilerHelper.entitlements;
				CODE_SIGN_STYLE = Automatic;
				CURRENT_PROJECT_VERSION = 1;
				DEVELOPMENT_ASSET_PATHS = "\"NoSpoilerHelper/Preview Content\"";
				DEVELOPMENT_TEAM = JACB4GSV36;
				ENABLE_PREVIEWS = YES;
				GENERATE_INFOPLIST_FILE = YES;
				INFOPLIST_KEY_UIApplicationSceneManifest_Generation = YES;
				INFOPLIST_KEY_UIApplicationSupportsIndirectInputEvents = YES;
				INFOPLIST_KEY_UILaunchScreen_Generation = YES;
				INFOPLIST_KEY_UISupportedInterfaceOrientations_iPad = "UIInterfaceOrientationPortrait UIInterfaceOrientationPortraitUpsideDown UIInterfaceOrientationLandscapeLeft UIInterfaceOrientationLandscapeRight";
				INFOPLIST_KEY_UISupportedInterfaceOrientations_iPhone = "UIInterfaceOrientationPortrait UIInterfaceOrientationLandscapeLeft UIInterfaceOrientationLandscapeRight";
				LD_RUNPATH_SEARCH_PATHS = (
					"$(inherited)",
					"@executable_path/Frameworks",
				);
				MARKETING_VERSION = 1.0;
				PRODUCT_BUNDLE_IDENTIFIER = com.matsue.NoSpoilerHelper;
				PRODUCT_NAME = "$(TARGET_NAME)";
				SWIFT_EMIT_LOC_STRINGS = YES;
				SWIFT_VERSION = 5.0;
				TARGETED_DEVICE_FAMILY = "1,2";
			};
			name = Release;
		};
		37655200279CF14F004577E3 /* Debug */ = {
			isa = XCBuildConfiguration;
			buildSettings = {
				CODE_SIGN_ENTITLEMENTS = SafariExtension/SafariExtension.entitlements;
				CODE_SIGN_STYLE = Automatic;
				CURRENT_PROJECT_VERSION = 1;
				DEVELOPMENT_TEAM = JACB4GSV36;
				GENERATE_INFOPLIST_FILE = YES;
				INFOPLIST_FILE = SafariExtension/Info.plist;
				INFOPLIST_KEY_CFBundleDisplayName = SafariExtension;
				INFOPLIST_KEY_NSHumanReadableCopyright = "";
				IPHONEOS_DEPLOYMENT_TARGET = 15.0;
				LD_RUNPATH_SEARCH_PATHS = (
					"$(inherited)",
					"@executable_path/Frameworks",
					"@executable_path/../../Frameworks",
				);
				MARKETING_VERSION = 1.0;
				OTHER_LDFLAGS = (
					"-framework",
					SafariServices,
				);
				PRODUCT_BUNDLE_IDENTIFIER = com.matsue.NoSpoilerHelper.SafariExtension;
				PRODUCT_NAME = "$(TARGET_NAME)";
				SKIP_INSTALL = YES;
				SWIFT_EMIT_LOC_STRINGS = YES;
				SWIFT_VERSION = 5.0;
				TARGETED_DEVICE_FAMILY = "1,2";
			};
			name = Debug;
		};
		37655201279CF14F004577E3 /* Release */ = {
			isa = XCBuildConfiguration;
			buildSettings = {
				CODE_SIGN_ENTITLEMENTS = SafariExtension/SafariExtension.entitlements;
				CODE_SIGN_STYLE = Automatic;
				CURRENT_PROJECT_VERSION = 1;
				DEVELOPMENT_TEAM = JACB4GSV36;
				GENERATE_INFOPLIST_FILE = YES;
				INFOPLIST_FILE = SafariExtension/Info.plist;
				INFOPLIST_KEY_CFBundleDisplayName = SafariExtension;
				INFOPLIST_KEY_NSHumanReadableCopyright = "";
				IPHONEOS_DEPLOYMENT_TARGET = 15.0;
				LD_RUNPATH_SEARCH_PATHS = (
					"$(inherited)",
					"@executable_path/Frameworks",
					"@executable_path/../../Frameworks",
				);
				MARKETING_VERSION = 1.0;
				OTHER_LDFLAGS = (
					"-framework",
					SafariServices,
				);
				PRODUCT_BUNDLE_IDENTIFIER = com.matsue.NoSpoilerHelper.SafariExtension;
				PRODUCT_NAME = "$(TARGET_NAME)";
				SKIP_INSTALL = YES;
				SWIFT_EMIT_LOC_STRINGS = YES;
				SWIFT_VERSION = 5.0;
				TARGETED_DEVICE_FAMILY = "1,2";
			};
			name = Release;
		};
/* End XCBuildConfiguration section */

/* Begin XCConfigurationList section */
		376551C7279CF0F1004577E3 /* Build configuration list for PBXProject "NoSpoilerHelper" */ = {
			isa = XCConfigurationList;
			buildConfigurations = (
				376551DD279CF0F1004577E3 /* Debug */,
				376551DE279CF0F1004577E3 /* Release */,
			);
			defaultConfigurationIsVisible = 0;
			defaultConfigurationName = Release;
		};
		376551DF279CF0F1004577E3 /* Build configuration list for PBXNativeTarget "NoSpoilerHelper" */ = {
			isa = XCConfigurationList;
			buildConfigurations = (
				376551E0279CF0F1004577E3 /* Debug */,
				376551E1279CF0F1004577E3 /* Release */,
			);
			defaultConfigurationIsVisible = 0;
			defaultConfigurationName = Release;
		};
		376551FF279CF14F004577E3 /* Build configuration list for PBXNativeTarget "SafariExtension" */ = {
			isa = XCConfigurationList;
			buildConfigurations = (
				37655200279CF14F004577E3 /* Debug */,
				37655201279CF14F004577E3 /* Release */,
			);
			defaultConfigurationIsVisible = 0;
			defaultConfigurationName = Release;
		};
/* End XCConfigurationList section */

/* Begin XCVersionGroup section */
		376551DA279CF0F1004577E3 /* NoSpoilerHelper.xcdatamodeld */ = {
			isa = XCVersionGroup;
			children = (
				376551DB279CF0F1004577E3 /* NoSpoilerHelper.xcdatamodel */,
			);
			currentVersion = 376551DB279CF0F1004577E3 /* NoSpoilerHelper.xcdatamodel */;
			path = NoSpoilerHelper.xcdatamodeld;
			sourceTree = "<group>";
			versionGroupType = wrapper.xcdatamodel;
		};
/* End XCVersionGroup section */
	};
	rootObject = 376551C4279CF0F1004577E3 /* Project object */;
}
